
Microsoft Visual Studio Solution File, Format Version 12.00
# Visual Studio Version 16
VisualStudioVersion = 16.0.29001.49
MinimumVisualStudioVersion = 10.0.40219.1
Project("{FAE04EC0-301F-11D3-BF4B-00C04F79EFBC}") = "WindowsFormsApp1", "WindowsFormsApp1\WindowsFormsApp1.csproj", "{1EE0628F-BDEA-4655-8BEF-12C817006CFE}"
EndProject
Global
	GlobalSection(SolutionConfigurationPlatforms) = preSolution
		Debug|Any CPU = Debug|Any CPU
		Release|Any CPU = Release|Any CPU
	EndGlobalSection
	GlobalSection(ProjectConfigurationPlatforms) = postSolution
		{1EE0628F-BDEA-4655-8BEF-12C817006CFE}.Debug|Any CPU.ActiveCfg = Debug|Any CPU
		{1EE0628F-BDEA-4655-8BEF-12C817006CFE}.Debug|Any CPU.Build.0 = Debug|Any CPU
		{1EE0628F-BDEA-4655-8BEF-12C817006CFE}.Release|Any CPU.ActiveCfg = Release|Any CPU
		{1EE0628F-BDEA-4655-8BEF-12C817006CFE}.Release|Any CPU.Build.0 = Release|Any CPU
	EndGlobalSection
	GlobalSection(SolutionProperties) = preSolution
		HideSolutionNode = FALSE
	EndGlobalSection
	GlobalSection(ExtensibilityGlobals) = postSolution
		SolutionGuid = {EA9E8D52-A0CA-4FA6-87A6-570B9BBED816}
	EndGlobalSection
EndGlobal
